// !$*UTF8*$!
{
	archiveVersion = 1;
	classes = {
	};
	objectVersion = 50;
	objects = {

/* Begin PBXBuildFile section */
		B6FD85A723445EC600B32248 /* AppDelegate.swift in Sources */ = {isa = PBXBuildFile; fileRef = B6FD85A623445EC600B32248 /* AppDelegate.swift */; };
		B6FD85A923445EC600B32248 /* SceneDelegate.swift in Sources */ = {isa = PBXBuildFile; fileRef = B6FD85A823445EC600B32248 /* SceneDelegate.swift */; };
		B6FD85AB23445EC600B32248 /* ViewController.swift in Sources */ = {isa = PBXBuildFile; fileRef = B6FD85AA23445EC600B32248 /* ViewController.swift */; };
		B6FD85AE23445EC600B32248 /* Main.storyboard in Resources */ = {isa = PBXBuildFile; fileRef = B6FD85AC23445EC600B32248 /* Main.storyboard */; };
		B6FD85B023445EC600B32248 /* Assets.xcassets in Resources */ = {isa = PBXBuildFile; fileRef = B6FD85AF23445EC600B32248 /* Assets.xcassets */; };
		B6FD85B323445EC600B32248 /* LaunchScreen.storyboard in Resources */ = {isa = PBXBuildFile; fileRef = B6FD85B123445EC600B32248 /* LaunchScreen.storyboard */; };
/* End PBXBuildFile section */

/* Begin PBXFileReference section */
		B6FD85A323445EC600B32248 /* 01_hw_instagram.app */ = {isa = PBXFileReference; explicitFileType = wrapper.application; includeInIndex = 0; path = 01_hw_instagram.app; sourceTree = BUILT_PRODUCTS_DIR; };
		B6FD85A623445EC600B32248 /* AppDelegate.swift */ = {isa = PBXFileReference; lastKnownFileType = sourcecode.swift; path = AppDelegate.swift; sourceTree = "<group>"; };
		B6FD85A823445EC600B32248 /* SceneDelegate.swift */ = {isa = PBXFileReference; lastKnownFileType = sourcecode.swift; path = SceneDelegate.swift; sourceTree = "<group>"; };
		B6FD85AA23445EC600B32248 /* ViewController.swift */ = {isa = PBXFileReference; lastKnownFileType = sourcecode.swift; path = ViewController.swift; sourceTree = "<group>"; };
		B6FD85AD23445EC600B32248 /* Base */ = {isa = PBXFileReference; lastKnownFileType = file.storyboard; name = Base; path = Base.lproj/Main.storyboard; sourceTree = "<group>"; };
		B6FD85AF23445EC600B32248 /* Assets.xcassets */ = {isa = PBXFileReference; lastKnownFileType = folder.assetcatalog; path = Assets.xcassets; sourceTree = "<group>"; };
		B6FD85B223445EC600B32248 /* Base */ = {isa = PBXFileReference; lastKnownFileType = file.storyboard; name = Base; path = Base.lproj/LaunchScreen.storyboard; sourceTree = "<group>"; };
		B6FD85B423445EC600B32248 /* Info.plist */ = {isa = PBXFileReference; lastKnownFileType = text.plist.xml; path = Info.plist; sourceTree = "<group>"; };
/* End PBXFileReference section */

/* Begin PBXFrameworksBuildPhase section */
		B6FD85A023445EC600B32248 /* Frameworks */ = {
			isa = PBXFrameworksBuildPhase;
			buildActionMask = 2147483647;
			files = (
			);
			runOnlyForDeploymentPostprocessing = 0;
		};
/* End PBXFrameworksBuildPhase section */

/* Begin PBXGroup section */
		B6FD859A23445EC600B32248 = {
			isa = PBXGroup;
			children = (
				B6FD85A523445EC600B32248 /* 01_hw_instagram */,
				B6FD85A423445EC600B32248 /* Products */,
			);
			sourceTree = "<group>";
		};
		B6FD85A423445EC600B32248 /* Products */ = {
			isa = PBXGroup;
			children = (
				B6FD85A323445EC600B32248 /* 01_hw_instagram.app */,
			);
			name = Products;
			sourceTree = "<group>";
		};
		B6FD85A523445EC600B32248 /* 01_hw_instagram */ = {
			isa = PBXGroup;
			children = (
				B6FD85B423445EC600B32248 /* Info.plist */,
				B6FD85BA23445F0700B32248 /* Supporting files */,
				B6FD85BB23445F1D00B32248 /* Resources */,
				B6FD85BC23445F2900B32248 /* Sources */,
			);
			path = 01_hw_instagram;
			sourceTree = "<group>";
		};
		B6FD85BA23445F0700B32248 /* Supporting files */ = {
			isa = PBXGroup;
			children = (
			);
			path = "Supporting files";
			sourceTree = "<group>";
		};
		B6FD85BB23445F1D00B32248 /* Resources */ = {
			isa = PBXGroup;
			children = (
				B6FD85B123445EC600B32248 /* LaunchScreen.storyboard */,
				B6FD85AF23445EC600B32248 /* Assets.xcassets */,
				B6FD85AC23445EC600B32248 /* Main.storyboard */,
			);
			path = Resources;
			sourceTree = "<group>";
		};
		B6FD85BC23445F2900B32248 /* Sources */ = {
			isa = PBXGroup;
			children = (
				B6FD85A823445EC600B32248 /* SceneDelegate.swift */,
				B6FD85BD23445F3200B32248 /* ViewControllers */,
				B6FD85A623445EC600B32248 /* AppDelegate.swift */,
			);
			path = Sources;
			sourceTree = "<group>";
		};
		B6FD85BD23445F3200B32248 /* ViewControllers */ = {
			isa = PBXGroup;
			children = (
				B6FD85AA23445EC600B32248 /* ViewController.swift */,
			);
			path = ViewControllers;
			sourceTree = "<group>";
		};
/* End PBXGroup section */

/* Begin PBXNativeTarget section */
		B6FD85A223445EC600B32248 /* 01_hw_instagram */ = {
			isa = PBXNativeTarget;
			buildConfigurationList = B6FD85B723445EC600B32248 /* Build configuration list for PBXNativeTarget "01_hw_instagram" */;
			buildPhases = (
				B6FD859F23445EC600B32248 /* Sources */,
				B6FD85A023445EC600B32248 /* Frameworks */,
				B6FD85A123445EC600B32248 /* Resources */,
			);
			buildRules = (
			);
			dependencies = (
			);
			name = 01_hw_instagram;
			productName = 01_hw_instagram;
			productReference = B6FD85A323445EC600B32248 /* 01_hw_instagram.app */;
			productType = "com.apple.product-type.application";
		};
/* End PBXNativeTarget section */

/* Begin PBXProject section */
		B6FD859B23445EC600B32248 /* Project object */ = {
			isa = PBXProject;
			attributes = {
				LastSwiftUpdateCheck = 1100;
				LastUpgradeCheck = 1100;
				ORGANIZATIONNAME = "최은지";
				TargetAttributes = {
					B6FD85A223445EC600B32248 = {
						CreatedOnToolsVersion = 11.0;
					};
				};
			};
			buildConfigurationList = B6FD859E23445EC600B32248 /* Build configuration list for PBXProject "01_hw_instagram" */;
			compatibilityVersion = "Xcode 9.3";
			developmentRegion = en;
			hasScannedForEncodings = 0;
			knownRegions = (
				en,
				Base,
			);
			mainGroup = B6FD859A23445EC600B32248;
			productRefGroup = B6FD85A423445EC600B32248 /* Products */;
			projectDirPath = "";
			projectRoot = "";
			targets = (
				B6FD85A223445EC600B32248 /* 01_hw_instagram */,
			);
		};
/* End PBXProject section */

/* Begin PBXResourcesBuildPhase section */
		B6FD85A123445EC600B32248 /* Resources */ = {
			isa = PBXResourcesBuildPhase;
			buildActionMask = 2147483647;
			files = (
				B6FD85B323445EC600B32248 /* LaunchScreen.storyboard in Resources */,
				B6FD85B023445EC600B32248 /* Assets.xcassets in Resources */,
				B6FD85AE23445EC600B32248 /* Main.storyboard in Resources */,
			);
			runOnlyForDeploymentPostprocessing = 0;
		};
/* End PBXResourcesBuildPhase section */

/* Begin PBXSourcesBuildPhase section */
		B6FD859F23445EC600B32248 /* Sources */ = {
			isa = PBXSourcesBuildPhase;
			buildActionMask = 2147483647;
			files = (
				B6FD85AB23445EC600B32248 /* ViewController.swift in Sources */,
				B6FD85A723445EC600B32248 /* AppDelegate.swift in Sources */,
				B6FD85A923445EC600B32248 /* SceneDelegate.swift in Sources */,
			);
			runOnlyForDeploymentPostprocessing = 0;
		};
/* End PBXSourcesBuildPhase section */

/* Begin PBXVariantGroup section */
		B6FD85AC23445EC600B32248 /* Main.storyboard */ = {
			isa = PBXVariantGroup;
			children = (
				B6FD85AD23445EC600B32248 /* Base */,
			);
			name = Main.storyboard;
			sourceTree = "<group>";
		};
		B6FD85B123445EC600B32248 /* LaunchScreen.storyboard */ = {
			isa = PBXVariantGroup;
			children = (
				B6FD85B223445EC600B32248 /* Base */,
			);
			name = LaunchScreen.storyboard;
			sourceTree = "<group>";
		};
/* End PBXVariantGroup section */

/* Begin XCBuildConfiguration section */
		B6FD85B523445EC600B32248 /* Debug */ = {
			isa = XCBuildConfiguration;
			buildSettings = {
				ALWAYS_SEARCH_USER_PATHS = NO;
				CLANG_ANALYZER_NONNULL = YES;
				CLANG_ANALYZER_NUMBER_OBJECT_CONVERSION = YES_AGGRESSIVE;
				CLANG_CXX_LANGUAGE_STANDARD = "gnu++14";
				CLANG_CXX_LIBRARY = "libc++";
				CLANG_ENABLE_MODULES = YES;
				CLANG_ENABLE_OBJC_ARC = YES;
				CLANG_ENABLE_OBJC_WEAK = YES;
				CLANG_WARN_BLOCK_CAPTURE_AUTORELEASING = YES;
				CLANG_WARN_BOOL_CONVERSION = YES;
				CLANG_WARN_COMMA = YES;
				CLANG_WARN_CONSTANT_CONVERSION = YES;
				CLANG_WARN_DEPRECATED_OBJC_IMPLEMENTATIONS = YES;
				CLANG_WARN_DIRECT_OBJC_ISA_USAGE = YES_ERROR;
				CLANG_WARN_DOCUMENTATION_COMMENTS = YES;
				CLANG_WARN_EMPTY_BODY = YES;
				CLANG_WARN_ENUM_CONVERSION = YES;
				CLANG_WARN_INFINITE_RECURSION = YES;
				CLANG_WARN_INT_CONVERSION = YES;
				CLANG_WARN_NON_LITERAL_NULL_CONVERSION = YES;
				CLANG_WARN_OBJC_IMPLICIT_RETAIN_SELF = YES;
				CLANG_WARN_OBJC_LITERAL_CONVERSION = YES;
				CLANG_WARN_OBJC_ROOT_CLASS = YES_ERROR;
				CLANG_WARN_RANGE_LOOP_ANALYSIS = YES;
				CLANG_WARN_STRICT_PROTOTYPES = YES;
				CLANG_WARN_SUSPICIOUS_MOVE = YES;
				CLANG_WARN_UNGUARDED_AVAILABILITY = YES_AGGRESSIVE;
				CLANG_WARN_UNREACHABLE_CODE = YES;
				CLANG_WARN__DUPLICATE_METHOD_MATCH = YES;
				COPY_PHASE_STRIP = NO;
				DEBUG_INFORMATION_FORMAT = dwarf;
				ENABLE_STRICT_OBJC_MSGSEND = YES;
				ENABLE_TESTABILITY = YES;
				GCC_C_LANGUAGE_STANDARD = gnu11;
				GCC_DYNAMIC_NO_PIC = NO;
				GCC_NO_COMMON_BLOCKS = YES;
				GCC_OPTIMIZATION_LEVEL = 0;
				GCC_PREPROCESSOR_DEFINITIONS = (
					"DEBUG=1",
					"$(inherited)",
				);
				GCC_WARN_64_TO_32_BIT_CONVERSION = YES;
				GCC_WARN_ABOUT_RETURN_TYPE = YES_ERROR;
				GCC_WARN_UNDECLARED_SELECTOR = YES;
				GCC_WARN_UNINITIALIZED_AUTOS = YES_AGGRESSIVE;
				GCC_WARN_UNUSED_FUNCTION = YES;
				GCC_WARN_UNUSED_VARIABLE = YES;
				IPHONEOS_DEPLOYMENT_TARGET = 13.0;
				MTL_ENABLE_DEBUG_INFO = INCLUDE_SOURCE;
				MTL_FAST_MATH = YES;
				ONLY_ACTIVE_ARCH = YES;
				SDKROOT = iphoneos;
				SWIFT_ACTIVE_COMPILATION_CONDITIONS = DEBUG;
				SWIFT_OPTIMIZATION_LEVEL = "-Onone";
			};
			name = Debug;
		};
		B6FD85B623445EC600B32248 /* Release */ = {
			isa = XCBuildConfiguration;
			buildSettings = {
				ALWAYS_SEARCH_USER_PATHS = NO;
				CLANG_ANALYZER_NONNULL = YES;
				CLANG_ANALYZER_NUMBER_OBJECT_CONVERSION = YES_AGGRESSIVE;
				CLANG_CXX_LANGUAGE_STANDARD = "gnu++14";
				CLANG_CXX_LIBRARY = "libc++";
				CLANG_ENABLE_MODULES = YES;
				CLANG_ENABLE_OBJC_ARC = YES;
				CLANG_ENABLE_OBJC_WEAK = YES;
				CLANG_WARN_BLOCK_CAPTURE_AUTORELEASING = YES;
				CLANG_WARN_BOOL_CONVERSION = YES;
				CLANG_WARN_COMMA = YES;
				CLANG_WARN_CONSTANT_CONVERSION = YES;
				CLANG_WARN_DEPRECATED_OBJC_IMPLEMENTATIONS = YES;
				CLANG_WARN_DIRECT_OBJC_ISA_USAGE = YES_ERROR;
				CLANG_WARN_DOCUMENTATION_COMMENTS = YES;
				CLANG_WARN_EMPTY_BODY = YES;
				CLANG_WARN_ENUM_CONVERSION = YES;
				CLANG_WARN_INFINITE_RECURSION = YES;
				CLANG_WARN_INT_CONVERSION = YES;
				CLANG_WARN_NON_LITERAL_NULL_CONVERSION = YES;
				CLANG_WARN_OBJC_IMPLICIT_RETAIN_SELF = YES;
				CLANG_WARN_OBJC_LITERAL_CONVERSION = YES;
				CLANG_WARN_OBJC_ROOT_CLASS = YES_ERROR;
				CLANG_WARN_RANGE_LOOP_ANALYSIS = YES;
				CLANG_WARN_STRICT_PROTOTYPES = YES;
				CLANG_WARN_SUSPICIOUS_MOVE = YES;
				CLANG_WARN_UNGUARDED_AVAILABILITY = YES_AGGRESSIVE;
				CLANG_WARN_UNREACHABLE_CODE = YES;
				CLANG_WARN__DUPLICATE_METHOD_MATCH = YES;
				COPY_PHASE_STRIP = NO;
				DEBUG_INFORMATION_FORMAT = "dwarf-with-dsym";
				ENABLE_NS_ASSERTIONS = NO;
				ENABLE_STRICT_OBJC_MSGSEND = YES;
				GCC_C_LANGUAGE_STANDARD = gnu11;
				GCC_NO_COMMON_BLOCKS = YES;
				GCC_WARN_64_TO_32_BIT_CONVERSION = YES;
				GCC_WARN_ABOUT_RETURN_TYPE = YES_ERROR;
				GCC_WARN_UNDECLARED_SELECTOR = YES;
				GCC_WARN_UNINITIALIZED_AUTOS = YES_AGGRESSIVE;
				GCC_WARN_UNUSED_FUNCTION = YES;
				GCC_WARN_UNUSED_VARIABLE = YES;
				IPHONEOS_DEPLOYMENT_TARGET = 13.0;
				MTL_ENABLE_DEBUG_INFO = NO;
				MTL_FAST_MATH = YES;
				SDKROOT = iphoneos;
				SWIFT_COMPILATION_MODE = wholemodule;
				SWIFT_OPTIMIZATION_LEVEL = "-O";
				VALIDATE_PRODUCT = YES;
			};
			name = Release;
		};
		B6FD85B823445EC600B32248 /* Debug */ = {
			isa = XCBuildConfiguration;
			buildSettings = {
				ASSETCATALOG_COMPILER_APPICON_NAME = AppIcon;
				CODE_SIGN_STYLE = Automatic;
				INFOPLIST_FILE = 01_hw_instagram/Info.plist;
				LD_RUNPATH_SEARCH_PATHS = (
					"$(inherited)",
					"@executable_path/Frameworks",
				);
				PRODUCT_BUNDLE_IDENTIFIER = "com.mj.-1-hw-instagram";
				PRODUCT_NAME = "$(TARGET_NAME)";
				SWIFT_VERSION = 5.0;
				TARGETED_DEVICE_FAMILY = "1,2";
			};
			name = Debug;
		};
		B6FD85B923445EC600B32248 /* Release */ = {
			isa = XCBuildConfiguration;
			buildSettings = {
				ASSETCATALOG_COMPILER_APPICON_NAME = AppIcon;
				CODE_SIGN_STYLE = Automatic;
				INFOPLIST_FILE = 01_hw_instagram/Info.plist;
				LD_RUNPATH_SEARCH_PATHS = (
					"$(inherited)",
					"@executable_path/Frameworks",
				);
				PRODUCT_BUNDLE_IDENTIFIER = "com.mj.-1-hw-instagram";
				PRODUCT_NAME = "$(TARGET_NAME)";
				SWIFT_VERSION = 5.0;
				TARGETED_DEVICE_FAMILY = "1,2";
			};
			name = Release;
		};
/* End XCBuildConfiguration section */

/* Begin XCConfigurationList section */
		B6FD859E23445EC600B32248 /* Build configuration list for PBXProject "01_hw_instagram" */ = {
			isa = XCConfigurationList;
			buildConfigurations = (
				B6FD85B523445EC600B32248 /* Debug */,
				B6FD85B623445EC600B32248 /* Release */,
			);
			defaultConfigurationIsVisible = 0;
			defaultConfigurationName = Release;
		};
		B6FD85B723445EC600B32248 /* Build configuration list for PBXNativeTarget "01_hw_instagram" */ = {
			isa = XCConfigurationList;
			buildConfigurations = (
				B6FD85B823445EC600B32248 /* Debug */,
				B6FD85B923445EC600B32248 /* Release */,
			);
			defaultConfigurationIsVisible = 0;
			defaultConfigurationName = Release;
		};
/* End XCConfigurationList section */
	};
	rootObject = B6FD859B23445EC600B32248 /* Project object */;
}
